// !$*UTF8*$!
{
	archiveVersion = 1;
	classes = {
	};
	objectVersion = 50;
	objects = {

/* Begin PBXBuildFile section */
		43CC0E3A25D8763000AD84AB /* Tests_iOS.swift in Sources */ = {isa = PBXBuildFile; fileRef = 43CC0E3925D8763000AD84AB /* Tests_iOS.swift */; };
		43CC0E4525D8763000AD84AB /* Tests_macOS.swift in Sources */ = {isa = PBXBuildFile; fileRef = 43CC0E4425D8763000AD84AB /* Tests_macOS.swift */; };
		43CC0E4725D8763000AD84AB /* ErrorAssessment_Bessel_Function_Anthony_limApp.swift in Sources */ = {isa = PBXBuildFile; fileRef = 43CC0E1E25D8762F00AD84AB /* ErrorAssessment_Bessel_Function_Anthony_limApp.swift */; };
		43CC0E4825D8763000AD84AB /* ErrorAssessment_Bessel_Function_Anthony_limApp.swift in Sources */ = {isa = PBXBuildFile; fileRef = 43CC0E1E25D8762F00AD84AB /* ErrorAssessment_Bessel_Function_Anthony_limApp.swift */; };
		43CC0E4925D8763000AD84AB /* ContentView.swift in Sources */ = {isa = PBXBuildFile; fileRef = 43CC0E1F25D8762F00AD84AB /* ContentView.swift */; };
		43CC0E4A25D8763000AD84AB /* ContentView.swift in Sources */ = {isa = PBXBuildFile; fileRef = 43CC0E1F25D8762F00AD84AB /* ContentView.swift */; };
		43CC0E4B25D8763000AD84AB /* Assets.xcassets in Resources */ = {isa = PBXBuildFile; fileRef = 43CC0E2025D8763000AD84AB /* Assets.xcassets */; };
		43CC0E4C25D8763000AD84AB /* Assets.xcassets in Resources */ = {isa = PBXBuildFile; fileRef = 43CC0E2025D8763000AD84AB /* Assets.xcassets */; };
		43CC0E6025D8777600AD84AB /* Operators.swift in Sources */ = {isa = PBXBuildFile; fileRef = 43CC0E5F25D8777600AD84AB /* Operators.swift */; };
		43CC0E6125D8777600AD84AB /* Operators.swift in Sources */ = {isa = PBXBuildFile; fileRef = 43CC0E5F25D8777600AD84AB /* Operators.swift */; };
		43CC0E6225D8777600AD84AB /* Operators.swift in Sources */ = {isa = PBXBuildFile; fileRef = 43CC0E5F25D8777600AD84AB /* Operators.swift */; };
		43CC0E6325D8777600AD84AB /* Operators.swift in Sources */ = {isa = PBXBuildFile; fileRef = 43CC0E5F25D8777600AD84AB /* Operators.swift */; };
		43CC0E6D25D8779100AD84AB /* Besselfunction.swift in Sources */ = {isa = PBXBuildFile; fileRef = 43CC0E6C25D8779100AD84AB /* Besselfunction.swift */; };
		43CC0E6E25D8779100AD84AB /* Besselfunction.swift in Sources */ = {isa = PBXBuildFile; fileRef = 43CC0E6C25D8779100AD84AB /* Besselfunction.swift */; };
		43CC0E6F25D8779100AD84AB /* Besselfunction.swift in Sources */ = {isa = PBXBuildFile; fileRef = 43CC0E6C25D8779100AD84AB /* Besselfunction.swift */; };
		43CC0E7025D8779100AD84AB /* Besselfunction.swift in Sources */ = {isa = PBXBuildFile; fileRef = 43CC0E6C25D8779100AD84AB /* Besselfunction.swift */; };
/* End PBXBuildFile section */

/* Begin PBXContainerItemProxy section */
		43CC0E3625D8763000AD84AB /* PBXContainerItemProxy */ = {
			isa = PBXContainerItemProxy;
			containerPortal = 43CC0E1925D8762E00AD84AB /* Project object */;
			proxyType = 1;
			remoteGlobalIDString = 43CC0E2425D8763000AD84AB;
			remoteInfo = "ErrorAssessment.Bessel.Function.Anthony.lim (iOS)";
		};
		43CC0E4125D8763000AD84AB /* PBXContainerItemProxy */ = {
			isa = PBXContainerItemProxy;
			containerPortal = 43CC0E1925D8762E00AD84AB /* Project object */;
			proxyType = 1;
			remoteGlobalIDString = 43CC0E2C25D8763000AD84AB;
			remoteInfo = "ErrorAssessment.Bessel.Function.Anthony.lim (macOS)";
		};
/* End PBXContainerItemProxy section */

/* Begin PBXFileReference section */
		43CC0E1E25D8762F00AD84AB /* ErrorAssessment_Bessel_Function_Anthony_limApp.swift */ = {isa = PBXFileReference; lastKnownFileType = sourcecode.swift; path = ErrorAssessment_Bessel_Function_Anthony_limApp.swift; sourceTree = "<group>"; };
		43CC0E1F25D8762F00AD84AB /* ContentView.swift */ = {isa = PBXFileReference; lastKnownFileType = sourcecode.swift; path = ContentView.swift; sourceTree = "<group>"; };
		43CC0E2025D8763000AD84AB /* Assets.xcassets */ = {isa = PBXFileReference; lastKnownFileType = folder.assetcatalog; path = Assets.xcassets; sourceTree = "<group>"; };
		43CC0E2525D8763000AD84AB /* ErrorAssessment.Bessel.Function.Anthony.lim.app */ = {isa = PBXFileReference; explicitFileType = wrapper.application; includeInIndex = 0; path = ErrorAssessment.Bessel.Function.Anthony.lim.app; sourceTree = BUILT_PRODUCTS_DIR; };
		43CC0E2825D8763000AD84AB /* Info.plist */ = {isa = PBXFileReference; lastKnownFileType = text.plist.xml; path = Info.plist; sourceTree = "<group>"; };
		43CC0E2D25D8763000AD84AB /* ErrorAssessment.Bessel.Function.Anthony.lim.app */ = {isa = PBXFileReference; explicitFileType = wrapper.application; includeInIndex = 0; path = ErrorAssessment.Bessel.Function.Anthony.lim.app; sourceTree = BUILT_PRODUCTS_DIR; };
		43CC0E2F25D8763000AD84AB /* Info.plist */ = {isa = PBXFileReference; lastKnownFileType = text.plist.xml; path = Info.plist; sourceTree = "<group>"; };
		43CC0E3025D8763000AD84AB /* macOS.entitlements */ = {isa = PBXFileReference; lastKnownFileType = text.plist.entitlements; path = macOS.entitlements; sourceTree = "<group>"; };
		43CC0E3525D8763000AD84AB /* Tests iOS.xctest */ = {isa = PBXFileReference; explicitFileType = wrapper.cfbundle; includeInIndex = 0; path = "Tests iOS.xctest"; sourceTree = BUILT_PRODUCTS_DIR; };
		43CC0E3925D8763000AD84AB /* Tests_iOS.swift */ = {isa = PBXFileReference; lastKnownFileType = sourcecode.swift; path = Tests_iOS.swift; sourceTree = "<group>"; };
		43CC0E3B25D8763000AD84AB /* Info.plist */ = {isa = PBXFileReference; lastKnownFileType = text.plist.xml; path = Info.plist; sourceTree = "<group>"; };
		43CC0E4025D8763000AD84AB /* Tests macOS.xctest */ = {isa = PBXFileReference; explicitFileType = wrapper.cfbundle; includeInIndex = 0; path = "Tests macOS.xctest"; sourceTree = BUILT_PRODUCTS_DIR; };
		43CC0E4425D8763000AD84AB /* Tests_macOS.swift */ = {isa = PBXFileReference; lastKnownFileType = sourcecode.swift; path = Tests_macOS.swift; sourceTree = "<group>"; };
		43CC0E4625D8763000AD84AB /* Info.plist */ = {isa = PBXFileReference; lastKnownFileType = text.plist.xml; path = Info.plist; sourceTree = "<group>"; };
		43CC0E5F25D8777600AD84AB /* Operators.swift */ = {isa = PBXFileReference; fileEncoding = 4; lastKnownFileType = sourcecode.swift; path = Operators.swift; sourceTree = "<group>"; };
		43CC0E6C25D8779100AD84AB /* Besselfunction.swift */ = {isa = PBXFileReference; lastKnownFileType = sourcecode.swift; path = Besselfunction.swift; sourceTree = "<group>"; };
/* End PBXFileReference section */

/* Begin PBXFrameworksBuildPhase section */
		43CC0E2225D8763000AD84AB /* Frameworks */ = {
			isa = PBXFrameworksBuildPhase;
			buildActionMask = 2147483647;
			files = (
			);
			runOnlyForDeploymentPostprocessing = 0;
		};
		43CC0E2A25D8763000AD84AB /* Frameworks */ = {
			isa = PBXFrameworksBuildPhase;
			buildActionMask = 2147483647;
			files = (
			);
			runOnlyForDeploymentPostprocessing = 0;
		};
		43CC0E3225D8763000AD84AB /* Frameworks */ = {
			isa = PBXFrameworksBuildPhase;
			buildActionMask = 2147483647;
			files = (
			);
			runOnlyForDeploymentPostprocessing = 0;
		};
		43CC0E3D25D8763000AD84AB /* Frameworks */ = {
			isa = PBXFrameworksBuildPhase;
			buildActionMask = 2147483647;
			files = (
			);
			runOnlyForDeploymentPostprocessing = 0;
		};
/* End PBXFrameworksBuildPhase section */

/* Begin PBXGroup section */
		43CC0E1825D8762E00AD84AB = {
			isa = PBXGroup;
			children = (
				43CC0E1D25D8762F00AD84AB /* Shared */,
				43CC0E2725D8763000AD84AB /* iOS */,
				43CC0E2E25D8763000AD84AB /* macOS */,
				43CC0E3825D8763000AD84AB /* Tests iOS */,
				43CC0E4325D8763000AD84AB /* Tests macOS */,
				43CC0E2625D8763000AD84AB /* Products */,
			);
			sourceTree = "<group>";
		};
		43CC0E1D25D8762F00AD84AB /* Shared */ = {
			isa = PBXGroup;
			children = (
				43CC0E1E25D8762F00AD84AB /* ErrorAssessment_Bessel_Function_Anthony_limApp.swift */,
				43CC0E5F25D8777600AD84AB /* Operators.swift */,
				43CC0E1F25D8762F00AD84AB /* ContentView.swift */,
				43CC0E6C25D8779100AD84AB /* Besselfunction.swift */,
				43CC0E2025D8763000AD84AB /* Assets.xcassets */,
			);
			path = Shared;
			sourceTree = "<group>";
		};
		43CC0E2625D8763000AD84AB /* Products */ = {
			isa = PBXGroup;
			children = (
				43CC0E2525D8763000AD84AB /* ErrorAssessment.Bessel.Function.Anthony.lim.app */,
				43CC0E2D25D8763000AD84AB /* ErrorAssessment.Bessel.Function.Anthony.lim.app */,
				43CC0E3525D8763000AD84AB /* Tests iOS.xctest */,
				43CC0E4025D8763000AD84AB /* Tests macOS.xctest */,
			);
			name = Products;
			sourceTree = "<group>";
		};
		43CC0E2725D8763000AD84AB /* iOS */ = {
			isa = PBXGroup;
			children = (
				43CC0E2825D8763000AD84AB /* Info.plist */,
			);
			path = iOS;
			sourceTree = "<group>";
		};
		43CC0E2E25D8763000AD84AB /* macOS */ = {
			isa = PBXGroup;
			children = (
				43CC0E2F25D8763000AD84AB /* Info.plist */,
				43CC0E3025D8763000AD84AB /* macOS.entitlements */,
			);
			path = macOS;
			sourceTree = "<group>";
		};
		43CC0E3825D8763000AD84AB /* Tests iOS */ = {
			isa = PBXGroup;
			children = (
				43CC0E3925D8763000AD84AB /* Tests_iOS.swift */,
				43CC0E3B25D8763000AD84AB /* Info.plist */,
			);
			path = "Tests iOS";
			sourceTree = "<group>";
		};
		43CC0E4325D8763000AD84AB /* Tests macOS */ = {
			isa = PBXGroup;
			children = (
				43CC0E4425D8763000AD84AB /* Tests_macOS.swift */,
				43CC0E4625D8763000AD84AB /* Info.plist */,
			);
			path = "Tests macOS";
			sourceTree = "<group>";
		};
/* End PBXGroup section */

/* Begin PBXNativeTarget section */
		43CC0E2425D8763000AD84AB /* ErrorAssessment.Bessel.Function.Anthony.lim (iOS) */ = {
			isa = PBXNativeTarget;
			buildConfigurationList = 43CC0E4F25D8763000AD84AB /* Build configuration list for PBXNativeTarget "ErrorAssessment.Bessel.Function.Anthony.lim (iOS)" */;
			buildPhases = (
				43CC0E2125D8763000AD84AB /* Sources */,
				43CC0E2225D8763000AD84AB /* Frameworks */,
				43CC0E2325D8763000AD84AB /* Resources */,
			);
			buildRules = (
			);
			dependencies = (
			);
			name = "ErrorAssessment.Bessel.Function.Anthony.lim (iOS)";
			productName = "ErrorAssessment.Bessel.Function.Anthony.lim (iOS)";
			productReference = 43CC0E2525D8763000AD84AB /* ErrorAssessment.Bessel.Function.Anthony.lim.app */;
			productType = "com.apple.product-type.application";
		};
		43CC0E2C25D8763000AD84AB /* ErrorAssessment.Bessel.Function.Anthony.lim (macOS) */ = {
			isa = PBXNativeTarget;
			buildConfigurationList = 43CC0E5225D8763000AD84AB /* Build configuration list for PBXNativeTarget "ErrorAssessment.Bessel.Function.Anthony.lim (macOS)" */;
			buildPhases = (
				43CC0E2925D8763000AD84AB /* Sources */,
				43CC0E2A25D8763000AD84AB /* Frameworks */,
				43CC0E2B25D8763000AD84AB /* Resources */,
			);
			buildRules = (
			);
			dependencies = (
			);
			name = "ErrorAssessment.Bessel.Function.Anthony.lim (macOS)";
			productName = "ErrorAssessment.Bessel.Function.Anthony.lim (macOS)";
			productReference = 43CC0E2D25D8763000AD84AB /* ErrorAssessment.Bessel.Function.Anthony.lim.app */;
			productType = "com.apple.product-type.application";
		};
		43CC0E3425D8763000AD84AB /* Tests iOS */ = {
			isa = PBXNativeTarget;
			buildConfigurationList = 43CC0E5525D8763000AD84AB /* Build configuration list for PBXNativeTarget "Tests iOS" */;
			buildPhases = (
				43CC0E3125D8763000AD84AB /* Sources */,
				43CC0E3225D8763000AD84AB /* Frameworks */,
				43CC0E3325D8763000AD84AB /* Resources */,
			);
			buildRules = (
			);
			dependencies = (
				43CC0E3725D8763000AD84AB /* PBXTargetDependency */,
			);
			name = "Tests iOS";
			productName = "Tests iOS";
			productReference = 43CC0E3525D8763000AD84AB /* Tests iOS.xctest */;
			productType = "com.apple.product-type.bundle.ui-testing";
		};
		43CC0E3F25D8763000AD84AB /* Tests macOS */ = {
			isa = PBXNativeTarget;
			buildConfigurationList = 43CC0E5825D8763000AD84AB /* Build configuration list for PBXNativeTarget "Tests macOS" */;
			buildPhases = (
				43CC0E3C25D8763000AD84AB /* Sources */,
				43CC0E3D25D8763000AD84AB /* Frameworks */,
				43CC0E3E25D8763000AD84AB /* Resources */,
			);
			buildRules = (
			);
			dependencies = (
				43CC0E4225D8763000AD84AB /* PBXTargetDependency */,
			);
			name = "Tests macOS";
			productName = "Tests macOS";
			productReference = 43CC0E4025D8763000AD84AB /* Tests macOS.xctest */;
			productType = "com.apple.product-type.bundle.ui-testing";
		};
/* End PBXNativeTarget section */

/* Begin PBXProject section */
		43CC0E1925D8762E00AD84AB /* Project object */ = {
			isa = PBXProject;
			attributes = {
				LastSwiftUpdateCheck = 1240;
				LastUpgradeCheck = 1240;
				TargetAttributes = {
					43CC0E2425D8763000AD84AB = {
						CreatedOnToolsVersion = 12.4;
					};
					43CC0E2C25D8763000AD84AB = {
						CreatedOnToolsVersion = 12.4;
					};
					43CC0E3425D8763000AD84AB = {
						CreatedOnToolsVersion = 12.4;
						TestTargetID = 43CC0E2425D8763000AD84AB;
					};
					43CC0E3F25D8763000AD84AB = {
						CreatedOnToolsVersion = 12.4;
						TestTargetID = 43CC0E2C25D8763000AD84AB;
					};
				};
			};
			buildConfigurationList = 43CC0E1C25D8762E00AD84AB /* Build configuration list for PBXProject "ErrorAssessment.Bessel.Function.Anthony.lim" */;
			compatibilityVersion = "Xcode 9.3";
			developmentRegion = en;
			hasScannedForEncodings = 0;
			knownRegions = (
				en,
				Base,
			);
			mainGroup = 43CC0E1825D8762E00AD84AB;
			productRefGroup = 43CC0E2625D8763000AD84AB /* Products */;
			projectDirPath = "";
			projectRoot = "";
			targets = (
				43CC0E2425D8763000AD84AB /* ErrorAssessment.Bessel.Function.Anthony.lim (iOS) */,
				43CC0E2C25D8763000AD84AB /* ErrorAssessment.Bessel.Function.Anthony.lim (macOS) */,
				43CC0E3425D8763000AD84AB /* Tests iOS */,
				43CC0E3F25D8763000AD84AB /* Tests macOS */,
			);
		};
/* End PBXProject section */

/* Begin PBXResourcesBuildPhase section */
		43CC0E2325D8763000AD84AB /* Resources */ = {
			isa = PBXResourcesBuildPhase;
			buildActionMask = 2147483647;
			files = (
				43CC0E4B25D8763000AD84AB /* Assets.xcassets in Resources */,
			);
			runOnlyForDeploymentPostprocessing = 0;
		};
		43CC0E2B25D8763000AD84AB /* Resources */ = {
			isa = PBXResourcesBuildPhase;
			buildActionMask = 2147483647;
			files = (
				43CC0E4C25D8763000AD84AB /* Assets.xcassets in Resources */,
			);
			runOnlyForDeploymentPostprocessing = 0;
		};
		43CC0E3325D8763000AD84AB /* Resources */ = {
			isa = PBXResourcesBuildPhase;
			buildActionMask = 2147483647;
			files = (
			);
			runOnlyForDeploymentPostprocessing = 0;
		};
		43CC0E3E25D8763000AD84AB /* Resources */ = {
			isa = PBXResourcesBuildPhase;
			buildActionMask = 2147483647;
			files = (
			);
			runOnlyForDeploymentPostprocessing = 0;
		};
/* End PBXResourcesBuildPhase section */

/* Begin PBXSourcesBuildPhase section */
		43CC0E2125D8763000AD84AB /* Sources */ = {
			isa = PBXSourcesBuildPhase;
			buildActionMask = 2147483647;
			files = (
				43CC0E4925D8763000AD84AB /* ContentView.swift in Sources */,
				43CC0E4725D8763000AD84AB /* ErrorAssessment_Bessel_Function_Anthony_limApp.swift in Sources */,
				43CC0E6025D8777600AD84AB /* Operators.swift in Sources */,
				43CC0E6D25D8779100AD84AB /* Besselfunction.swift in Sources */,
			);
			runOnlyForDeploymentPostprocessing = 0;
		};
		43CC0E2925D8763000AD84AB /* Sources */ = {
			isa = PBXSourcesBuildPhase;
			buildActionMask = 2147483647;
			files = (
				43CC0E4A25D8763000AD84AB /* ContentView.swift in Sources */,
				43CC0E4825D8763000AD84AB /* ErrorAssessment_Bessel_Function_Anthony_limApp.swift in Sources */,
				43CC0E6125D8777600AD84AB /* Operators.swift in Sources */,
				43CC0E6E25D8779100AD84AB /* Besselfunction.swift in Sources */,
			);
			runOnlyForDeploymentPostprocessing = 0;
		};
		43CC0E3125D8763000AD84AB /* Sources */ = {
			isa = PBXSourcesBuildPhase;
			buildActionMask = 2147483647;
			files = (
				43CC0E6F25D8779100AD84AB /* Besselfunction.swift in Sources */,
				43CC0E3A25D8763000AD84AB /* Tests_iOS.swift in Sources */,
				43CC0E6225D8777600AD84AB /* Operators.swift in Sources */,
			);
			runOnlyForDeploymentPostprocessing = 0;
		};
		43CC0E3C25D8763000AD84AB /* Sources */ = {
			isa = PBXSourcesBuildPhase;
			buildActionMask = 2147483647;
			files = (
				43CC0E7025D8779100AD84AB /* Besselfunction.swift in Sources */,
				43CC0E4525D8763000AD84AB /* Tests_macOS.swift in Sources */,
				43CC0E6325D8777600AD84AB /* Operators.swift in Sources */,
			);
			runOnlyForDeploymentPostprocessing = 0;
		};
/* End PBXSourcesBuildPhase section */

/* Begin PBXTargetDependency section */
		43CC0E3725D8763000AD84AB /* PBXTargetDependency */ = {
			isa = PBXTargetDependency;
			target = 43CC0E2425D8763000AD84AB /* ErrorAssessment.Bessel.Function.Anthony.lim (iOS) */;
			targetProxy = 43CC0E3625D8763000AD84AB /* PBXContainerItemProxy */;
		};
		43CC0E4225D8763000AD84AB /* PBXTargetDependency */ = {
			isa = PBXTargetDependency;
			target = 43CC0E2C25D8763000AD84AB /* ErrorAssessment.Bessel.Function.Anthony.lim (macOS) */;
			targetProxy = 43CC0E4125D8763000AD84AB /* PBXContainerItemProxy */;
		};
/* End PBXTargetDependency section */

/* Begin XCBuildConfiguration section */
		43CC0E4D25D8763000AD84AB /* Debug */ = {
			isa = XCBuildConfiguration;
			buildSettings = {
				ALWAYS_SEARCH_USER_PATHS = NO;
				CLANG_ANALYZER_NONNULL = YES;
				CLANG_ANALYZER_NUMBER_OBJECT_CONVERSION = YES_AGGRESSIVE;
				CLANG_CXX_LANGUAGE_STANDARD = "gnu++14";
				CLANG_CXX_LIBRARY = "libc++";
				CLANG_ENABLE_MODULES = YES;
				CLANG_ENABLE_OBJC_ARC = YES;
				CLANG_ENABLE_OBJC_WEAK = YES;
				CLANG_WARN_BLOCK_CAPTURE_AUTORELEASING = YES;
				CLANG_WARN_BOOL_CONVERSION = YES;
				CLANG_WARN_COMMA = YES;
				CLANG_WARN_CONSTANT_CONVERSION = YES;
				CLANG_WARN_DEPRECATED_OBJC_IMPLEMENTATIONS = YES;
				CLANG_WARN_DIRECT_OBJC_ISA_USAGE = YES_ERROR;
				CLANG_WARN_DOCUMENTATION_COMMENTS = YES;
				CLANG_WARN_EMPTY_BODY = YES;
				CLANG_WARN_ENUM_CONVERSION = YES;
				CLANG_WARN_INFINITE_RECURSION = YES;
				CLANG_WARN_INT_CONVERSION = YES;
				CLANG_WARN_NON_LITERAL_NULL_CONVERSION = YES;
				CLANG_WARN_OBJC_IMPLICIT_RETAIN_SELF = YES;
				CLANG_WARN_OBJC_LITERAL_CONVERSION = YES;
				CLANG_WARN_OBJC_ROOT_CLASS = YES_ERROR;
				CLANG_WARN_QUOTED_INCLUDE_IN_FRAMEWORK_HEADER = YES;
				CLANG_WARN_RANGE_LOOP_ANALYSIS = YES;
				CLANG_WARN_STRICT_PROTOTYPES = YES;
				CLANG_WARN_SUSPICIOUS_MOVE = YES;
				CLANG_WARN_UNGUARDED_AVAILABILITY = YES_AGGRESSIVE;
				CLANG_WARN_UNREACHABLE_CODE = YES;
				CLANG_WARN__DUPLICATE_METHOD_MATCH = YES;
				COPY_PHASE_STRIP = NO;
				DEBUG_INFORMATION_FORMAT = dwarf;
				ENABLE_STRICT_OBJC_MSGSEND = YES;
				ENABLE_TESTABILITY = YES;
				GCC_C_LANGUAGE_STANDARD = gnu11;
				GCC_DYNAMIC_NO_PIC = NO;
				GCC_NO_COMMON_BLOCKS = YES;
				GCC_OPTIMIZATION_LEVEL = 0;
				GCC_PREPROCESSOR_DEFINITIONS = (
					"DEBUG=1",
					"$(inherited)",
				);
				GCC_WARN_64_TO_32_BIT_CONVERSION = YES;
				GCC_WARN_ABOUT_RETURN_TYPE = YES_ERROR;
				GCC_WARN_UNDECLARED_SELECTOR = YES;
				GCC_WARN_UNINITIALIZED_AUTOS = YES_AGGRESSIVE;
				GCC_WARN_UNUSED_FUNCTION = YES;
				GCC_WARN_UNUSED_VARIABLE = YES;
				MTL_ENABLE_DEBUG_INFO = INCLUDE_SOURCE;
				MTL_FAST_MATH = YES;
				ONLY_ACTIVE_ARCH = YES;
				SWIFT_ACTIVE_COMPILATION_CONDITIONS = DEBUG;
				SWIFT_OPTIMIZATION_LEVEL = "-Onone";
			};
			name = Debug;
		};
		43CC0E4E25D8763000AD84AB /* Release */ = {
			isa = XCBuildConfiguration;
			buildSettings = {
				ALWAYS_SEARCH_USER_PATHS = NO;
				CLANG_ANALYZER_NONNULL = YES;
				CLANG_ANALYZER_NUMBER_OBJECT_CONVERSION = YES_AGGRESSIVE;
				CLANG_CXX_LANGUAGE_STANDARD = "gnu++14";
				CLANG_CXX_LIBRARY = "libc++";
				CLANG_ENABLE_MODULES = YES;
				CLANG_ENABLE_OBJC_ARC = YES;
				CLANG_ENABLE_OBJC_WEAK = YES;
				CLANG_WARN_BLOCK_CAPTURE_AUTORELEASING = YES;
				CLANG_WARN_BOOL_CONVERSION = YES;
				CLANG_WARN_COMMA = YES;
				CLANG_WARN_CONSTANT_CONVERSION = YES;
				CLANG_WARN_DEPRECATED_OBJC_IMPLEMENTATIONS = YES;
				CLANG_WARN_DIRECT_OBJC_ISA_USAGE = YES_ERROR;
				CLANG_WARN_DOCUMENTATION_COMMENTS = YES;
				CLANG_WARN_EMPTY_BODY = YES;
				CLANG_WARN_ENUM_CONVERSION = YES;
				CLANG_WARN_INFINITE_RECURSION = YES;
				CLANG_WARN_INT_CONVERSION = YES;
				CLANG_WARN_NON_LITERAL_NULL_CONVERSION = YES;
				CLANG_WARN_OBJC_IMPLICIT_RETAIN_SELF = YES;
				CLANG_WARN_OBJC_LITERAL_CONVERSION = YES;
				CLANG_WARN_OBJC_ROOT_CLASS = YES_ERROR;
				CLANG_WARN_QUOTED_INCLUDE_IN_FRAMEWORK_HEADER = YES;
				CLANG_WARN_RANGE_LOOP_ANALYSIS = YES;
				CLANG_WARN_STRICT_PROTOTYPES = YES;
				CLANG_WARN_SUSPICIOUS_MOVE = YES;
				CLANG_WARN_UNGUARDED_AVAILABILITY = YES_AGGRESSIVE;
				CLANG_WARN_UNREACHABLE_CODE = YES;
				CLANG_WARN__DUPLICATE_METHOD_MATCH = YES;
				COPY_PHASE_STRIP = NO;
				DEBUG_INFORMATION_FORMAT = "dwarf-with-dsym";
				ENABLE_NS_ASSERTIONS = NO;
				ENABLE_STRICT_OBJC_MSGSEND = YES;
				GCC_C_LANGUAGE_STANDARD = gnu11;
				GCC_NO_COMMON_BLOCKS = YES;
				GCC_WARN_64_TO_32_BIT_CONVERSION = YES;
				GCC_WARN_ABOUT_RETURN_TYPE = YES_ERROR;
				GCC_WARN_UNDECLARED_SELECTOR = YES;
				GCC_WARN_UNINITIALIZED_AUTOS = YES_AGGRESSIVE;
				GCC_WARN_UNUSED_FUNCTION = YES;
				GCC_WARN_UNUSED_VARIABLE = YES;
				MTL_ENABLE_DEBUG_INFO = NO;
				MTL_FAST_MATH = YES;
				SWIFT_COMPILATION_MODE = wholemodule;
				SWIFT_OPTIMIZATION_LEVEL = "-O";
			};
			name = Release;
		};
		43CC0E5025D8763000AD84AB /* Debug */ = {
			isa = XCBuildConfiguration;
			buildSettings = {
				ASSETCATALOG_COMPILER_APPICON_NAME = AppIcon;
				ASSETCATALOG_COMPILER_GLOBAL_ACCENT_COLOR_NAME = AccentColor;
				CODE_SIGN_STYLE = Automatic;
				DEVELOPMENT_TEAM = 474K5VTWLD;
				ENABLE_PREVIEWS = YES;
				INFOPLIST_FILE = iOS/Info.plist;
				IPHONEOS_DEPLOYMENT_TARGET = 14.0;
				LD_RUNPATH_SEARCH_PATHS = (
					"$(inherited)",
					"@executable_path/Frameworks",
				);
				PRODUCT_BUNDLE_IDENTIFIER = "IIT.alim3.ErrorAssessment-Bessel-Function-Anthony-lim";
				PRODUCT_NAME = ErrorAssessment.Bessel.Function.Anthony.lim;
				SDKROOT = iphoneos;
				SWIFT_VERSION = 5.0;
				TARGETED_DEVICE_FAMILY = "1,2";
			};
			name = Debug;
		};
		43CC0E5125D8763000AD84AB /* Release */ = {
			isa = XCBuildConfiguration;
			buildSettings = {
				ASSETCATALOG_COMPILER_APPICON_NAME = AppIcon;
				ASSETCATALOG_COMPILER_GLOBAL_ACCENT_COLOR_NAME = AccentColor;
				CODE_SIGN_STYLE = Automatic;
				DEVELOPMENT_TEAM = 474K5VTWLD;
				ENABLE_PREVIEWS = YES;
				INFOPLIST_FILE = iOS/Info.plist;
				IPHONEOS_DEPLOYMENT_TARGET = 14.0;
				LD_RUNPATH_SEARCH_PATHS = (
					"$(inherited)",
					"@executable_path/Frameworks",
				);
				PRODUCT_BUNDLE_IDENTIFIER = "IIT.alim3.ErrorAssessment-Bessel-Function-Anthony-lim";
				PRODUCT_NAME = ErrorAssessment.Bessel.Function.Anthony.lim;
				SDKROOT = iphoneos;
				SWIFT_VERSION = 5.0;
				TARGETED_DEVICE_FAMILY = "1,2";
				VALIDATE_PRODUCT = YES;
			};
			name = Release;
		};
		43CC0E5325D8763000AD84AB /* Debug */ = {
			isa = XCBuildConfiguration;
			buildSettings = {
				ASSETCATALOG_COMPILER_APPICON_NAME = AppIcon;
				ASSETCATALOG_COMPILER_GLOBAL_ACCENT_COLOR_NAME = AccentColor;
				CODE_SIGN_ENTITLEMENTS = macOS/macOS.entitlements;
				CODE_SIGN_STYLE = Automatic;
				COMBINE_HIDPI_IMAGES = YES;
				DEVELOPMENT_TEAM = 474K5VTWLD;
				ENABLE_HARDENED_RUNTIME = YES;
				ENABLE_PREVIEWS = YES;
				INFOPLIST_FILE = macOS/Info.plist;
				LD_RUNPATH_SEARCH_PATHS = (
					"$(inherited)",
					"@executable_path/../Frameworks",
				);
				MACOSX_DEPLOYMENT_TARGET = 11.0;
				PRODUCT_BUNDLE_IDENTIFIER = "IIT.alim3.ErrorAssessment-Bessel-Function-Anthony-lim";
				PRODUCT_NAME = ErrorAssessment.Bessel.Function.Anthony.lim;
				SDKROOT = macosx;
				SWIFT_VERSION = 5.0;
			};
			name = Debug;
		};
		43CC0E5425D8763000AD84AB /* Release */ = {
			isa = XCBuildConfiguration;
			buildSettings = {
				ASSETCATALOG_COMPILER_APPICON_NAME = AppIcon;
				ASSETCATALOG_COMPILER_GLOBAL_ACCENT_COLOR_NAME = AccentColor;
				CODE_SIGN_ENTITLEMENTS = macOS/macOS.entitlements;
				CODE_SIGN_STYLE = Automatic;
				COMBINE_HIDPI_IMAGES = YES;
				DEVELOPMENT_TEAM = 474K5VTWLD;
				ENABLE_HARDENED_RUNTIME = YES;
				ENABLE_PREVIEWS = YES;
				INFOPLIST_FILE = macOS/Info.plist;
				LD_RUNPATH_SEARCH_PATHS = (
					"$(inherited)",
					"@executable_path/../Frameworks",
				);
				MACOSX_DEPLOYMENT_TARGET = 11.0;
				PRODUCT_BUNDLE_IDENTIFIER = "IIT.alim3.ErrorAssessment-Bessel-Function-Anthony-lim";
				PRODUCT_NAME = ErrorAssessment.Bessel.Function.Anthony.lim;
				SDKROOT = macosx;
				SWIFT_VERSION = 5.0;
			};
			name = Release;
		};
		43CC0E5625D8763000AD84AB /* Debug */ = {
			isa = XCBuildConfiguration;
			buildSettings = {
				ALWAYS_EMBED_SWIFT_STANDARD_LIBRARIES = YES;
				CODE_SIGN_STYLE = Automatic;
				DEVELOPMENT_TEAM = 474K5VTWLD;
				INFOPLIST_FILE = "Tests iOS/Info.plist";
				IPHONEOS_DEPLOYMENT_TARGET = 14.4;
				LD_RUNPATH_SEARCH_PATHS = (
					"$(inherited)",
					"@executable_path/Frameworks",
					"@loader_path/Frameworks",
				);
				PRODUCT_BUNDLE_IDENTIFIER = "IIT.alim3.Tests-iOS";
				PRODUCT_NAME = "$(TARGET_NAME)";
				SDKROOT = iphoneos;
				SWIFT_VERSION = 5.0;
				TARGETED_DEVICE_FAMILY = "1,2";
				TEST_TARGET_NAME = "ErrorAssessment.Bessel.Function.Anthony.lim (iOS)";
			};
			name = Debug;
		};
		43CC0E5725D8763000AD84AB /* Release */ = {
			isa = XCBuildConfiguration;
			buildSettings = {
				ALWAYS_EMBED_SWIFT_STANDARD_LIBRARIES = YES;
				CODE_SIGN_STYLE = Automatic;
				DEVELOPMENT_TEAM = 474K5VTWLD;
				INFOPLIST_FILE = "Tests iOS/Info.plist";
				IPHONEOS_DEPLOYMENT_TARGET = 14.4;
				LD_RUNPATH_SEARCH_PATHS = (
					"$(inherited)",
					"@executable_path/Frameworks",
					"@loader_path/Frameworks",
				);
				PRODUCT_BUNDLE_IDENTIFIER = "IIT.alim3.Tests-iOS";
				PRODUCT_NAME = "$(TARGET_NAME)";
				SDKROOT = iphoneos;
				SWIFT_VERSION = 5.0;
				TARGETED_DEVICE_FAMILY = "1,2";
				TEST_TARGET_NAME = "ErrorAssessment.Bessel.Function.Anthony.lim (iOS)";
				VALIDATE_PRODUCT = YES;
			};
			name = Release;
		};
		43CC0E5925D8763000AD84AB /* Debug */ = {
			isa = XCBuildConfiguration;
			buildSettings = {
				ALWAYS_EMBED_SWIFT_STANDARD_LIBRARIES = YES;
				CODE_SIGN_STYLE = Automatic;
				COMBINE_HIDPI_IMAGES = YES;
				DEVELOPMENT_TEAM = 474K5VTWLD;
				INFOPLIST_FILE = "Tests macOS/Info.plist";
				LD_RUNPATH_SEARCH_PATHS = (
					"$(inherited)",
					"@executable_path/../Frameworks",
					"@loader_path/../Frameworks",
				);
				MACOSX_DEPLOYMENT_TARGET = 11.1;
				PRODUCT_BUNDLE_IDENTIFIER = "IIT.alim3.Tests-macOS";
				PRODUCT_NAME = "$(TARGET_NAME)";
				SDKROOT = macosx;
				SWIFT_VERSION = 5.0;
				TEST_TARGET_NAME = "ErrorAssessment.Bessel.Function.Anthony.lim (macOS)";
			};
			name = Debug;
		};
		43CC0E5A25D8763000AD84AB /* Release */ = {
			isa = XCBuildConfiguration;
			buildSettings = {
				ALWAYS_EMBED_SWIFT_STANDARD_LIBRARIES = YES;
				CODE_SIGN_STYLE = Automatic;
				COMBINE_HIDPI_IMAGES = YES;
				DEVELOPMENT_TEAM = 474K5VTWLD;
				INFOPLIST_FILE = "Tests macOS/Info.plist";
				LD_RUNPATH_SEARCH_PATHS = (
					"$(inherited)",
					"@executable_path/../Frameworks",
					"@loader_path/../Frameworks",
				);
				MACOSX_DEPLOYMENT_TARGET = 11.1;
				PRODUCT_BUNDLE_IDENTIFIER = "IIT.alim3.Tests-macOS";
				PRODUCT_NAME = "$(TARGET_NAME)";
				SDKROOT = macosx;
				SWIFT_VERSION = 5.0;
				TEST_TARGET_NAME = "ErrorAssessment.Bessel.Function.Anthony.lim (macOS)";
			};
			name = Release;
		};
/* End XCBuildConfiguration section */

/* Begin XCConfigurationList section */
		43CC0E1C25D8762E00AD84AB /* Build configuration list for PBXProject "ErrorAssessment.Bessel.Function.Anthony.lim" */ = {
			isa = XCConfigurationList;
			buildConfigurations = (
				43CC0E4D25D8763000AD84AB /* Debug */,
				43CC0E4E25D8763000AD84AB /* Release */,
			);
			defaultConfigurationIsVisible = 0;
			defaultConfigurationName = Release;
		};
		43CC0E4F25D8763000AD84AB /* Build configuration list for PBXNativeTarget "ErrorAssessment.Bessel.Function.Anthony.lim (iOS)" */ = {
			isa = XCConfigurationList;
			buildConfigurations = (
				43CC0E5025D8763000AD84AB /* Debug */,
				43CC0E5125D8763000AD84AB /* Release */,
			);
			defaultConfigurationIsVisible = 0;
			defaultConfigurationName = Release;
		};
		43CC0E5225D8763000AD84AB /* Build configuration list for PBXNativeTarget "ErrorAssessment.Bessel.Function.Anthony.lim (macOS)" */ = {
			isa = XCConfigurationList;
			buildConfigurations = (
				43CC0E5325D8763000AD84AB /* Debug */,
				43CC0E5425D8763000AD84AB /* Release */,
			);
			defaultConfigurationIsVisible = 0;
			defaultConfigurationName = Release;
		};
		43CC0E5525D8763000AD84AB /* Build configuration list for PBXNativeTarget "Tests iOS" */ = {
			isa = XCConfigurationList;
			buildConfigurations = (
				43CC0E5625D8763000AD84AB /* Debug */,
				43CC0E5725D8763000AD84AB /* Release */,
			);
			defaultConfigurationIsVisible = 0;
			defaultConfigurationName = Release;
		};
		43CC0E5825D8763000AD84AB /* Build configuration list for PBXNativeTarget "Tests macOS" */ = {
			isa = XCConfigurationList;
			buildConfigurations = (
				43CC0E5925D8763000AD84AB /* Debug */,
				43CC0E5A25D8763000AD84AB /* Release */,
			);
			defaultConfigurationIsVisible = 0;
			defaultConfigurationName = Release;
		};
/* End XCConfigurationList section */
	};
	rootObject = 43CC0E1925D8762E00AD84AB /* Project object */;
}
